// !$*UTF8*$!
{
	archiveVersion = 1;
	classes = {
	};
	objectVersion = 46;
	objects = {

/* Begin PBXBuildFile section */
		3464E3D91E46784F00F857F2 /* AppDelegate.swift in Sources */ = {isa = PBXBuildFile; fileRef = 3464E3D81E46784F00F857F2 /* AppDelegate.swift */; };
		3464E3DB1E46784F00F857F2 /* WeatherViewController.swift in Sources */ = {isa = PBXBuildFile; fileRef = 3464E3DA1E46784F00F857F2 /* WeatherViewController.swift */; };
		3464E3DE1E46784F00F857F2 /* Main.storyboard in Resources */ = {isa = PBXBuildFile; fileRef = 3464E3DC1E46784F00F857F2 /* Main.storyboard */; };
		3464E3E11E46784F00F857F2 /* WeatherCatchy.xcdatamodeld in Sources */ = {isa = PBXBuildFile; fileRef = 3464E3DF1E46784F00F857F2 /* WeatherCatchy.xcdatamodeld */; };
		3464E3E31E46784F00F857F2 /* Assets.xcassets in Resources */ = {isa = PBXBuildFile; fileRef = 3464E3E21E46784F00F857F2 /* Assets.xcassets */; };
		3464E3E61E46784F00F857F2 /* LaunchScreen.storyboard in Resources */ = {isa = PBXBuildFile; fileRef = 3464E3E41E46784F00F857F2 /* LaunchScreen.storyboard */; };
		3464E3EE1E47CD0C00F857F2 /* WeatherDatacons.swift in Sources */ = {isa = PBXBuildFile; fileRef = 3464E3ED1E47CD0C00F857F2 /* WeatherDatacons.swift */; };
		3464E3F21E47D3CF00F857F2 /* PresentWeather.swift in Sources */ = {isa = PBXBuildFile; fileRef = 3464E3F11E47D3CF00F857F2 /* PresentWeather.swift */; };
		AEFCA1F0A1DE6BD8CAFD7D0D /* Pods_WeatherCatchy.framework in Frameworks */ = {isa = PBXBuildFile; fileRef = 66750488F6930AF176506AE3 /* Pods_WeatherCatchy.framework */; };
/* End PBXBuildFile section */

/* Begin PBXFileReference section */
		0E37213FC6EC7F55151FFFFF /* Pods-WeatherCatchy.release.xcconfig */ = {isa = PBXFileReference; includeInIndex = 1; lastKnownFileType = text.xcconfig; name = "Pods-WeatherCatchy.release.xcconfig"; path = "Pods/Target Support Files/Pods-WeatherCatchy/Pods-WeatherCatchy.release.xcconfig"; sourceTree = "<group>"; };
		3464E3D51E46784F00F857F2 /* WeatherCatchy.app */ = {isa = PBXFileReference; explicitFileType = wrapper.application; includeInIndex = 0; path = WeatherCatchy.app; sourceTree = BUILT_PRODUCTS_DIR; };
		3464E3D81E46784F00F857F2 /* AppDelegate.swift */ = {isa = PBXFileReference; lastKnownFileType = sourcecode.swift; path = AppDelegate.swift; sourceTree = "<group>"; };
		3464E3DA1E46784F00F857F2 /* WeatherViewController.swift */ = {isa = PBXFileReference; lastKnownFileType = sourcecode.swift; path = WeatherViewController.swift; sourceTree = "<group>"; };
		3464E3DD1E46784F00F857F2 /* Base */ = {isa = PBXFileReference; lastKnownFileType = file.storyboard; name = Base; path = Base.lproj/Main.storyboard; sourceTree = "<group>"; };
		3464E3E01E46784F00F857F2 /* WeatherCatchy.xcdatamodel */ = {isa = PBXFileReference; lastKnownFileType = wrapper.xcdatamodel; path = WeatherCatchy.xcdatamodel; sourceTree = "<group>"; };
		3464E3E21E46784F00F857F2 /* Assets.xcassets */ = {isa = PBXFileReference; lastKnownFileType = folder.assetcatalog; path = Assets.xcassets; sourceTree = "<group>"; };
		3464E3E51E46784F00F857F2 /* Base */ = {isa = PBXFileReference; lastKnownFileType = file.storyboard; name = Base; path = Base.lproj/LaunchScreen.storyboard; sourceTree = "<group>"; };
		3464E3E71E46784F00F857F2 /* Info.plist */ = {isa = PBXFileReference; lastKnownFileType = text.plist.xml; path = Info.plist; sourceTree = "<group>"; };
		3464E3ED1E47CD0C00F857F2 /* WeatherDatacons.swift */ = {isa = PBXFileReference; fileEncoding = 4; lastKnownFileType = sourcecode.swift; path = WeatherDatacons.swift; sourceTree = "<group>"; };
		3464E3F11E47D3CF00F857F2 /* PresentWeather.swift */ = {isa = PBXFileReference; fileEncoding = 4; lastKnownFileType = sourcecode.swift; path = PresentWeather.swift; sourceTree = "<group>"; };
		66750488F6930AF176506AE3 /* Pods_WeatherCatchy.framework */ = {isa = PBXFileReference; explicitFileType = wrapper.framework; includeInIndex = 0; path = Pods_WeatherCatchy.framework; sourceTree = BUILT_PRODUCTS_DIR; };
		E6EE5952867E745700502082 /* Pods-WeatherCatchy.debug.xcconfig */ = {isa = PBXFileReference; includeInIndex = 1; lastKnownFileType = text.xcconfig; name = "Pods-WeatherCatchy.debug.xcconfig"; path = "Pods/Target Support Files/Pods-WeatherCatchy/Pods-WeatherCatchy.debug.xcconfig"; sourceTree = "<group>"; };
/* End PBXFileReference section */

/* Begin PBXFrameworksBuildPhase section */
		3464E3D21E46784F00F857F2 /* Frameworks */ = {
			isa = PBXFrameworksBuildPhase;
			buildActionMask = 2147483647;
			files = (
				AEFCA1F0A1DE6BD8CAFD7D0D /* Pods_WeatherCatchy.framework in Frameworks */,
			);
			runOnlyForDeploymentPostprocessing = 0;
		};
/* End PBXFrameworksBuildPhase section */

/* Begin PBXGroup section */
		2131715639A1A2F558742B92 /* Frameworks */ = {
			isa = PBXGroup;
			children = (
				66750488F6930AF176506AE3 /* Pods_WeatherCatchy.framework */,
			);
			name = Frameworks;
			sourceTree = "<group>";
		};
		3464E3CC1E46784F00F857F2 = {
			isa = PBXGroup;
			children = (
				3464E3D71E46784F00F857F2 /* WeatherCatchy */,
				3464E3D61E46784F00F857F2 /* Products */,
				D6E5508C6AD510F69DDAA8E5 /* Pods */,
				2131715639A1A2F558742B92 /* Frameworks */,
			);
			sourceTree = "<group>";
		};
		3464E3D61E46784F00F857F2 /* Products */ = {
			isa = PBXGroup;
			children = (
				3464E3D51E46784F00F857F2 /* WeatherCatchy.app */,
			);
			name = Products;
			sourceTree = "<group>";
		};
		3464E3D71E46784F00F857F2 /* WeatherCatchy */ = {
			isa = PBXGroup;
			children = (
				3464E3D81E46784F00F857F2 /* AppDelegate.swift */,
				3464E3DA1E46784F00F857F2 /* WeatherViewController.swift */,
				3464E3DC1E46784F00F857F2 /* Main.storyboard */,
				3464E3E21E46784F00F857F2 /* Assets.xcassets */,
				3464E3E41E46784F00F857F2 /* LaunchScreen.storyboard */,
				3464E3E71E46784F00F857F2 /* Info.plist */,
				3464E3DF1E46784F00F857F2 /* WeatherCatchy.xcdatamodeld */,
				3464E3ED1E47CD0C00F857F2 /* WeatherDatacons.swift */,
				3464E3F11E47D3CF00F857F2 /* PresentWeather.swift */,
			);
			path = WeatherCatchy;
			sourceTree = "<group>";
		};
		D6E5508C6AD510F69DDAA8E5 /* Pods */ = {
			isa = PBXGroup;
			children = (
				E6EE5952867E745700502082 /* Pods-WeatherCatchy.debug.xcconfig */,
				0E37213FC6EC7F55151FFFFF /* Pods-WeatherCatchy.release.xcconfig */,
			);
			name = Pods;
			sourceTree = "<group>";
		};
/* End PBXGroup section */

/* Begin PBXNativeTarget section */
		3464E3D41E46784F00F857F2 /* WeatherCatchy */ = {
			isa = PBXNativeTarget;
			buildConfigurationList = 3464E3EA1E46784F00F857F2 /* Build configuration list for PBXNativeTarget "WeatherCatchy" */;
			buildPhases = (
				D8DF29483DB6EADFC74B3A1D /* [CP] Check Pods Manifest.lock */,
				3464E3D11E46784F00F857F2 /* Sources */,
				3464E3D21E46784F00F857F2 /* Frameworks */,
				3464E3D31E46784F00F857F2 /* Resources */,
				BF47CA2F83344E87D773D2FF /* [CP] Embed Pods Frameworks */,
				06D575234755A660EDE15FA9 /* [CP] Copy Pods Resources */,
			);
			buildRules = (
			);
			dependencies = (
			);
			name = WeatherCatchy;
			productName = WeatherCatchy;
			productReference = 3464E3D51E46784F00F857F2 /* WeatherCatchy.app */;
			productType = "com.apple.product-type.application";
		};
/* End PBXNativeTarget section */

/* Begin PBXProject section */
		3464E3CD1E46784F00F857F2 /* Project object */ = {
			isa = PBXProject;
			attributes = {
				LastSwiftUpdateCheck = 0820;
				LastUpgradeCheck = 0820;
				ORGANIZATIONNAME = viveknamburu;
				TargetAttributes = {
					3464E3D41E46784F00F857F2 = {
						CreatedOnToolsVersion = 8.2.1;
						DevelopmentTeam = WF9G7339W9;
						ProvisioningStyle = Automatic;
					};
				};
			};
			buildConfigurationList = 3464E3D01E46784F00F857F2 /* Build configuration list for PBXProject "WeatherCatchy" */;
			compatibilityVersion = "Xcode 3.2";
			developmentRegion = English;
			hasScannedForEncodings = 0;
			knownRegions = (
				en,
				Base,
			);
			mainGroup = 3464E3CC1E46784F00F857F2;
			productRefGroup = 3464E3D61E46784F00F857F2 /* Products */;
			projectDirPath = "";
			projectRoot = "";
			targets = (
				3464E3D41E46784F00F857F2 /* WeatherCatchy */,
			);
		};
/* End PBXProject section */

/* Begin PBXResourcesBuildPhase section */
		3464E3D31E46784F00F857F2 /* Resources */ = {
			isa = PBXResourcesBuildPhase;
			buildActionMask = 2147483647;
			files = (
				3464E3E61E46784F00F857F2 /* LaunchScreen.storyboard in Resources */,
				3464E3E31E46784F00F857F2 /* Assets.xcassets in Resources */,
				3464E3DE1E46784F00F857F2 /* Main.storyboard in Resources */,
			);
			runOnlyForDeploymentPostprocessing = 0;
		};
/* End PBXResourcesBuildPhase section */

/* Begin PBXShellScriptBuildPhase section */
		06D575234755A660EDE15FA9 /* [CP] Copy Pods Resources */ = {
			isa = PBXShellScriptBuildPhase;
			buildActionMask = 2147483647;
			files = (
			);
			inputPaths = (
			);
			name = "[CP] Copy Pods Resources";
			outputPaths = (
			);
			runOnlyForDeploymentPostprocessing = 0;
			shellPath = /bin/sh;
			shellScript = "\"${SRCROOT}/Pods/Target Support Files/Pods-WeatherCatchy/Pods-WeatherCatchy-resources.sh\"\n";
			showEnvVarsInLog = 0;
		};
		BF47CA2F83344E87D773D2FF /* [CP] Embed Pods Frameworks */ = {
			isa = PBXShellScriptBuildPhase;
			buildActionMask = 2147483647;
			files = (
			);
			inputPaths = (
			);
			name = "[CP] Embed Pods Frameworks";
			outputPaths = (
			);
			runOnlyForDeploymentPostprocessing = 0;
			shellPath = /bin/sh;
			shellScript = "\"${SRCROOT}/Pods/Target Support Files/Pods-WeatherCatchy/Pods-WeatherCatchy-frameworks.sh\"\n";
			showEnvVarsInLog = 0;
		};
		D8DF29483DB6EADFC74B3A1D /* [CP] Check Pods Manifest.lock */ = {
			isa = PBXShellScriptBuildPhase;
			buildActionMask = 2147483647;
			files = (
			);
			inputPaths = (
			);
			name = "[CP] Check Pods Manifest.lock";
			outputPaths = (
			);
			runOnlyForDeploymentPostprocessing = 0;
			shellPath = /bin/sh;
			shellScript = "diff \"${PODS_ROOT}/../Podfile.lock\" \"${PODS_ROOT}/Manifest.lock\" > /dev/null\nif [ $? != 0 ] ; then\n    # print error to STDERR\n    echo \"error: The sandbox is not in sync with the Podfile.lock. Run 'pod install' or update your CocoaPods installation.\" >&2\n    exit 1\nfi\n";
			showEnvVarsInLog = 0;
		};
/* End PBXShellScriptBuildPhase section */

/* Begin PBXSourcesBuildPhase section */
		3464E3D11E46784F00F857F2 /* Sources */ = {
			isa = PBXSourcesBuildPhase;
			buildActionMask = 2147483647;
			files = (
				3464E3E11E46784F00F857F2 /* WeatherCatchy.xcdatamodeld in Sources */,
				3464E3F21E47D3CF00F857F2 /* PresentWeather.swift in Sources */,
				3464E3EE1E47CD0C00F857F2 /* WeatherDatacons.swift in Sources */,
				3464E3DB1E46784F00F857F2 /* WeatherViewController.swift in Sources */,
				3464E3D91E46784F00F857F2 /* AppDelegate.swift in Sources */,
			);
			runOnlyForDeploymentPostprocessing = 0;
		};
/* End PBXSourcesBuildPhase section */

/* Begin PBXVariantGroup section */
		3464E3DC1E46784F00F857F2 /* Main.storyboard */ = {
			isa = PBXVariantGroup;
			children = (
				3464E3DD1E46784F00F857F2 /* Base */,
			);
			name = Main.storyboard;
			sourceTree = "<group>";
		};
		3464E3E41E46784F00F857F2 /* LaunchScreen.storyboard */ = {
			isa = PBXVariantGroup;
			children = (
				3464E3E51E46784F00F857F2 /* Base */,
			);
			name = LaunchScreen.storyboard;
			sourceTree = "<group>";
		};
/* End PBXVariantGroup section */

/* Begin XCBuildConfiguration section */
		3464E3E81E46784F00F857F2 /* Debug */ = {
			isa = XCBuildConfiguration;
			buildSettings = {
				ALWAYS_SEARCH_USER_PATHS = NO;
				CLANG_ANALYZER_NONNULL = YES;
				CLANG_CXX_LANGUAGE_STANDARD = "gnu++0x";
				CLANG_CXX_LIBRARY = "libc++";
				CLANG_ENABLE_MODULES = YES;
				CLANG_ENABLE_OBJC_ARC = YES;
				CLANG_WARN_BOOL_CONVERSION = YES;
				CLANG_WARN_CONSTANT_CONVERSION = YES;
				CLANG_WARN_DIRECT_OBJC_ISA_USAGE = YES_ERROR;
				CLANG_WARN_DOCUMENTATION_COMMENTS = YES;
				CLANG_WARN_EMPTY_BODY = YES;
				CLANG_WARN_ENUM_CONVERSION = YES;
				CLANG_WARN_INFINITE_RECURSION = YES;
				CLANG_WARN_INT_CONVERSION = YES;
				CLANG_WARN_OBJC_ROOT_CLASS = YES_ERROR;
				CLANG_WARN_SUSPICIOUS_MOVE = YES;
				CLANG_WARN_UNREACHABLE_CODE = YES;
				CLANG_WARN__DUPLICATE_METHOD_MATCH = YES;
				"CODE_SIGN_IDENTITY[sdk=iphoneos*]" = "iPhone Developer";
				COPY_PHASE_STRIP = NO;
				DEBUG_INFORMATION_FORMAT = dwarf;
				ENABLE_STRICT_OBJC_MSGSEND = YES;
				ENABLE_TESTABILITY = YES;
				GCC_C_LANGUAGE_STANDARD = gnu99;
				GCC_DYNAMIC_NO_PIC = NO;
				GCC_NO_COMMON_BLOCKS = YES;
				GCC_OPTIMIZATION_LEVEL = 0;
				GCC_PREPROCESSOR_DEFINITIONS = (
					"DEBUG=1",
					"$(inherited)",
				);
				GCC_WARN_64_TO_32_BIT_CONVERSION = YES;
				GCC_WARN_ABOUT_RETURN_TYPE = YES_ERROR;
				GCC_WARN_UNDECLARED_SELECTOR = YES;
				GCC_WARN_UNINITIALIZED_AUTOS = YES_AGGRESSIVE;
				GCC_WARN_UNUSED_FUNCTION = YES;
				GCC_WARN_UNUSED_VARIABLE = YES;
				IPHONEOS_DEPLOYMENT_TARGET = 10.2;
				MTL_ENABLE_DEBUG_INFO = YES;
				ONLY_ACTIVE_ARCH = YES;
				SDKROOT = iphoneos;
				SWIFT_ACTIVE_COMPILATION_CONDITIONS = DEBUG;
				SWIFT_OPTIMIZATION_LEVEL = "-Onone";
				TARGETED_DEVICE_FAMILY = "1,2";
			};
			name = Debug;
		};
		3464E3E91E46784F00F857F2 /* Release */ = {
			isa = XCBuildConfiguration;
			buildSettings = {
				ALWAYS_SEARCH_USER_PATHS = NO;
				CLANG_ANALYZER_NONNULL = YES;
				CLANG_CXX_LANGUAGE_STANDARD = "gnu++0x";
				CLANG_CXX_LIBRARY = "libc++";
				CLANG_ENABLE_MODULES = YES;
				CLANG_ENABLE_OBJC_ARC = YES;
				CLANG_WARN_BOOL_CONVERSION = YES;
				CLANG_WARN_CONSTANT_CONVERSION = YES;
				CLANG_WARN_DIRECT_OBJC_ISA_USAGE = YES_ERROR;
				CLANG_WARN_DOCUMENTATION_COMMENTS = YES;
				CLANG_WARN_EMPTY_BODY = YES;
				CLANG_WARN_ENUM_CONVERSION = YES;
				CLANG_WARN_INFINITE_RECURSION = YES;
				CLANG_WARN_INT_CONVERSION = YES;
				CLANG_WARN_OBJC_ROOT_CLASS = YES_ERROR;
				CLANG_WARN_SUSPICIOUS_MOVE = YES;
				CLANG_WARN_UNREACHABLE_CODE = YES;
				CLANG_WARN__DUPLICATE_METHOD_MATCH = YES;
				"CODE_SIGN_IDENTITY[sdk=iphoneos*]" = "iPhone Developer";
				COPY_PHASE_STRIP = NO;
				DEBUG_INFORMATION_FORMAT = "dwarf-with-dsym";
				ENABLE_NS_ASSERTIONS = NO;
				ENABLE_STRICT_OBJC_MSGSEND = YES;
				GCC_C_LANGUAGE_STANDARD = gnu99;
				GCC_NO_COMMON_BLOCKS = YES;
				GCC_WARN_64_TO_32_BIT_CONVERSION = YES;
				GCC_WARN_ABOUT_RETURN_TYPE = YES_ERROR;
				GCC_WARN_UNDECLARED_SELECTOR = YES;
				GCC_WARN_UNINITIALIZED_AUTOS = YES_AGGRESSIVE;
				GCC_WARN_UNUSED_FUNCTION = YES;
				GCC_WARN_UNUSED_VARIABLE = YES;
				IPHONEOS_DEPLOYMENT_TARGET = 10.2;
				MTL_ENABLE_DEBUG_INFO = NO;
				SDKROOT = iphoneos;
				SWIFT_OPTIMIZATION_LEVEL = "-Owholemodule";
				TARGETED_DEVICE_FAMILY = "1,2";
				VALIDATE_PRODUCT = YES;
			};
			name = Release;
		};
		3464E3EB1E46784F00F857F2 /* Debug */ = {
			isa = XCBuildConfiguration;
			baseConfigurationReference = E6EE5952867E745700502082 /* Pods-WeatherCatchy.debug.xcconfig */;
			buildSettings = {
				ASSETCATALOG_COMPILER_APPICON_NAME = AppIcon;
				DEVELOPMENT_TEAM = WF9G7339W9;
				INFOPLIST_FILE = WeatherCatchy/Info.plist;
				IPHONEOS_DEPLOYMENT_TARGET = 10.0;
				LD_RUNPATH_SEARCH_PATHS = "$(inherited) @executable_path/Frameworks";
				PRODUCT_BUNDLE_IDENTIFIER = com.viveknamburu.WeatherCatchy;
				PRODUCT_NAME = "$(TARGET_NAME)";
				SWIFT_VERSION = 3.0;
			};
			name = Debug;
		};
		3464E3EC1E46784F00F857F2 /* Release */ = {
			isa = XCBuildConfiguration;
			baseConfigurationReference = 0E37213FC6EC7F55151FFFFF /* Pods-WeatherCatchy.release.xcconfig */;
			buildSettings = {
				ASSETCATALOG_COMPILER_APPICON_NAME = AppIcon;
				DEVELOPMENT_TEAM = WF9G7339W9;
				INFOPLIST_FILE = WeatherCatchy/Info.plist;
				IPHONEOS_DEPLOYMENT_TARGET = 10.0;
				LD_RUNPATH_SEARCH_PATHS = "$(inherited) @executable_path/Frameworks";
				PRODUCT_BUNDLE_IDENTIFIER = com.viveknamburu.WeatherCatchy;
				PRODUCT_NAME = "$(TARGET_NAME)";
				SWIFT_VERSION = 3.0;
			};
			name = Release;
		};
/* End XCBuildConfiguration section */

/* Begin XCConfigurationList section */
		3464E3D01E46784F00F857F2 /* Build configuration list for PBXProject "WeatherCatchy" */ = {
			isa = XCConfigurationList;
			buildConfigurations = (
				3464E3E81E46784F00F857F2 /* Debug */,
				3464E3E91E46784F00F857F2 /* Release */,
			);
			defaultConfigurationIsVisible = 0;
			defaultConfigurationName = Release;
		};
		3464E3EA1E46784F00F857F2 /* Build configuration list for PBXNativeTarget "WeatherCatchy" */ = {
			isa = XCConfigurationList;
			buildConfigurations = (
				3464E3EB1E46784F00F857F2 /* Debug */,
				3464E3EC1E46784F00F857F2 /* Release */,
			);
			defaultConfigurationIsVisible = 0;
			defaultConfigurationName = Release;
		};
/* End XCConfigurationList section */

/* Begin XCVersionGroup section */
		3464E3DF1E46784F00F857F2 /* WeatherCatchy.xcdatamodeld */ = {
			isa = XCVersionGroup;
			children = (
				3464E3E01E46784F00F857F2 /* WeatherCatchy.xcdatamodel */,
			);
			currentVersion = 3464E3E01E46784F00F857F2 /* WeatherCatchy.xcdatamodel */;
			path = WeatherCatchy.xcdatamodeld;
			sourceTree = "<group>";
			versionGroupType = wrapper.xcdatamodel;
		};
/* End XCVersionGroup section */
	};
	rootObject = 3464E3CD1E46784F00F857F2 /* Project object */;
}
